{
  "lockfileVersion": 1,
  "configVersion": 1,
  "workspaces": {
    "": {
      "name": "kiloclaw-controller",
      "dependencies": {
        "hono": "4.11.6",
      },
      "devDependencies": {
        "@types/node": "22.0.0",
      },
    },
  },
  "packages": {
    "@types/node": ["@types/node@22.0.0", "", { "dependencies": { "undici-types": "~6.11.1" } }, "sha512-VT7KSYudcPOzP5Q0wfbowyNLaVR8QWUdw+088uFWwfvpY6uCWaXpqV6ieLAu9WBcnTa7H4Z5RLK8I5t2FuOcqw=="],

    "hono": ["hono@4.11.6", "", {}, "sha512-ofIiiHyl34SV6AuhE3YT2mhO5HRWokce+eUYE82TsP6z0/H3JeJcjVWEMSIAiw2QkjDOEpES/lYsg8eEbsLtdw=="],

    "undici-types": ["undici-types@6.11.1", "", {}, "sha512-mIDEX2ek50x0OlRgxryxsenE5XaQD4on5U2inY7RApK3SOJpofyw7uW2AyfMKkhAxXIceo2DeWGVGwyvng1GNQ=="],
  }
}
